PODS:
  - Alamofire (3.4.1)
  - Freddy (2.1.0)
  - SDWebImage (3.8.1):
    - SDWebImage/Core (= 3.8.1)
  - SDWebImage/Core (3.8.1)

DEPENDENCIES:
  - Alamofire (~> 3.4)
  - Freddy
  - SDWebImage (~> 3.8)

SPEC CHECKSUMS:
  Alamofire: 01a82e2f6c0f860ade35534c8dd88be61bdef40c
  Freddy: bbdca013977db29638b24baf6572ce94452bec29
  SDWebImage: 35f9627a3e44b4f292a8a8ce6a531fa488239b91

PODFILE CHECKSUM: cec24bd6579f84410faa07fff850512c67634cec

COCOAPODS: 1.0.0
